
Microsoft Visual Studio Solution File, Format Version 12.00
# Visual Studio Version 17
VisualStudioVersion = 17.8.34601.278
MinimumVisualStudioVersion = 10.0.40219.1
Project("{9A19103F-16F7-4668-BE54-9A1E7A4F7556}") = "NZWalks.API", "NZWalksAPI\NZWalks.API.csproj", "{DADB4123-C745-4C7D-AF8D-01D9207CE7FA}"
EndProject
Project("{9A19103F-16F7-4668-BE54-9A1E7A4F7556}") = "NZWalks.UI", "NZWalksUI\NZWalks.UI.csproj", "{033942A8-AB80-4969-B87D-3C2D68839899}"
EndProject
Global
	GlobalSection(SolutionConfigurationPlatforms) = preSolution
		Debug|Any CPU = Debug|Any CPU
		Release|Any CPU = Release|Any CPU
	EndGlobalSection
	GlobalSection(ProjectConfigurationPlatforms) = postSolution
		{DADB4123-C745-4C7D-AF8D-01D9207CE7FA}.Debug|Any CPU.ActiveCfg = Debug|Any CPU
		{DADB4123-C745-4C7D-AF8D-01D9207CE7FA}.Debug|Any CPU.Build.0 = Debug|Any CPU
		{DADB4123-C745-4C7D-AF8D-01D9207CE7FA}.Release|Any CPU.ActiveCfg = Release|Any CPU
		{DADB4123-C745-4C7D-AF8D-01D9207CE7FA}.Release|Any CPU.Build.0 = Release|Any CPU
		{033942A8-AB80-4969-B87D-3C2D68839899}.Debug|Any CPU.ActiveCfg = Debug|Any CPU
		{033942A8-AB80-4969-B87D-3C2D68839899}.Debug|Any CPU.Build.0 = Debug|Any CPU
		{033942A8-AB80-4969-B87D-3C2D68839899}.Release|Any CPU.ActiveCfg = Release|Any CPU
		{033942A8-AB80-4969-B87D-3C2D68839899}.Release|Any CPU.Build.0 = Release|Any CPU
	EndGlobalSection
	GlobalSection(SolutionProperties) = preSolution
		HideSolutionNode = FALSE
	EndGlobalSection
	GlobalSection(ExtensibilityGlobals) = postSolution
		SolutionGuid = {23542769-6D6A-42BC-B377-6BEE56AB3674}
	EndGlobalSection
EndGlobal
